
Microsoft Visual Studio Solution File, Format Version 12.00
# Visual Studio Version 16
VisualStudioVersion = 16.0.29424.173
MinimumVisualStudioVersion = 10.0.40219.1
Project("{FAE04EC0-301F-11D3-BF4B-00C04F79EFBC}") = "Travelling.Android", "Travelling\Travelling.Android\Travelling.Android.csproj", "{BD435476-2CEB-4376-92E1-CE39186464DA}"
EndProject
Project("{FAE04EC0-301F-11D3-BF4B-00C04F79EFBC}") = "Travelling", "Travelling\Travelling\Travelling.csproj", "{8EBDC3FE-EA4F-41C6-807C-CBA3120CA0E9}"
EndProject
Global
	GlobalSection(SolutionConfigurationPlatforms) = preSolution
		Debug|Any CPU = Debug|Any CPU
		Release|Any CPU = Release|Any CPU
	EndGlobalSection
	GlobalSection(ProjectConfigurationPlatforms) = postSolution
		{BD435476-2CEB-4376-92E1-CE39186464DA}.Debug|Any CPU.ActiveCfg = Debug|Any CPU
		{BD435476-2CEB-4376-92E1-CE39186464DA}.Debug|Any CPU.Build.0 = Debug|Any CPU
		{BD435476-2CEB-4376-92E1-CE39186464DA}.Debug|Any CPU.Deploy.0 = Debug|Any CPU
		{BD435476-2CEB-4376-92E1-CE39186464DA}.Release|Any CPU.ActiveCfg = Release|Any CPU
		{BD435476-2CEB-4376-92E1-CE39186464DA}.Release|Any CPU.Build.0 = Release|Any CPU
		{BD435476-2CEB-4376-92E1-CE39186464DA}.Release|Any CPU.Deploy.0 = Release|Any CPU
		{8EBDC3FE-EA4F-41C6-807C-CBA3120CA0E9}.Debug|Any CPU.ActiveCfg = Debug|Any CPU
		{8EBDC3FE-EA4F-41C6-807C-CBA3120CA0E9}.Debug|Any CPU.Build.0 = Debug|Any CPU
		{8EBDC3FE-EA4F-41C6-807C-CBA3120CA0E9}.Debug|Any CPU.Deploy.0 = Debug|Any CPU
		{8EBDC3FE-EA4F-41C6-807C-CBA3120CA0E9}.Release|Any CPU.ActiveCfg = Release|Any CPU
		{8EBDC3FE-EA4F-41C6-807C-CBA3120CA0E9}.Release|Any CPU.Build.0 = Release|Any CPU
		{8EBDC3FE-EA4F-41C6-807C-CBA3120CA0E9}.Release|Any CPU.Deploy.0 = Release|Any CPU
	EndGlobalSection
	GlobalSection(SolutionProperties) = preSolution
		HideSolutionNode = FALSE
	EndGlobalSection
	GlobalSection(ExtensibilityGlobals) = postSolution
		SolutionGuid = {545FB5EF-E1AE-4B40-853A-E52DE2AE13C2}
	EndGlobalSection
EndGlobal
